<?xml version="1.0" encoding="utf-8"?>
<Project ToolsVersion="15.0" xmlns="http://schemas.microsoft.com/developer/msbuild/2003">
  <ItemGroup>
    <ClCompile Include="C:\Users\RAJARSI\Documents\GitHub\DELI_SHOP\src\Main.cpp">
      <Filter>Source Files</Filter>
    </ClCompile>
  </ItemGroup>
  <ItemGroup>
    <ClInclude Include="C:\Users\RAJARSI\Documents\GitHub\DELI_SHOP\src\Cart.hpp">
      <Filter>Header Files</Filter>
    </ClInclude>
    <ClInclude Include="C:\Users\RAJARSI\Documents\GitHub\DELI_SHOP\src\Deli.hpp">
      <Filter>Header Files</Filter>
    </ClInclude>
    <ClInclude Include="C:\Users\RAJARSI\Documents\GitHub\DELI_SHOP\src\Price_List.hpp">
      <Filter>Header Files</Filter>
    </ClInclude>
    <ClInclude Include="C:\Users\RAJARSI\Documents\GitHub\DELI_SHOP\src\Revenue.hpp">
      <Filter>Header Files</Filter>
    </ClInclude>
    <ClInclude Include="C:\Users\RAJARSI\Documents\GitHub\DELI_SHOP\src\Scale.hpp">
      <Filter>Header Files</Filter>
    </ClInclude>
  </ItemGroup>
  <ItemGroup>
    <CustomBuild Include="C:\Users\RAJARSI\Documents\GitHub\DELI_SHOP\src\CMakeLists.txt" />
  </ItemGroup>
  <ItemGroup>
    <Filter Include="Header Files">
      <UniqueIdentifier>{CBAAA76D-6F33-34D0-962B-59C2C53214B6}</UniqueIdentifier>
    </Filter>
    <Filter Include="Source Files">
      <UniqueIdentifier>{BB7749C8-F2E7-3CA4-B6DC-575B278B1478}</UniqueIdentifier>
    </Filter>
  </ItemGroup>
</Project>
